
Microsoft Visual Studio Solution File, Format Version 12.00
# Visual Studio 15
VisualStudioVersion = 15.0.27703.2000
MinimumVisualStudioVersion = 10.0.40219.1
Project("{FAE04EC0-301F-11D3-BF4B-00C04F79EFBC}") = "Project 24 Diziler 4", "Project 24 Diziler 4\Project 24 Diziler 4.csproj", "{5B484458-693E-4B32-B88C-16DF503F7FC2}"
EndProject
Global
	GlobalSection(SolutionConfigurationPlatforms) = preSolution
		Debug|Any CPU = Debug|Any CPU
		Release|Any CPU = Release|Any CPU
	EndGlobalSection
	GlobalSection(ProjectConfigurationPlatforms) = postSolution
		{5B484458-693E-4B32-B88C-16DF503F7FC2}.Debug|Any CPU.ActiveCfg = Debug|Any CPU
		{5B484458-693E-4B32-B88C-16DF503F7FC2}.Debug|Any CPU.Build.0 = Debug|Any CPU
		{5B484458-693E-4B32-B88C-16DF503F7FC2}.Release|Any CPU.ActiveCfg = Release|Any CPU
		{5B484458-693E-4B32-B88C-16DF503F7FC2}.Release|Any CPU.Build.0 = Release|Any CPU
	EndGlobalSection
	GlobalSection(SolutionProperties) = preSolution
		HideSolutionNode = FALSE
	EndGlobalSection
	GlobalSection(ExtensibilityGlobals) = postSolution
		SolutionGuid = {418E8952-2092-410C-866E-D2A43A688ACF}
	EndGlobalSection
EndGlobal
